{
  "lockfile_version": "1",
  "packages": {
    "beam.packages.erlangR26.elixir_1_15": {
      "resolved": "github:NixOS/nixpkgs/75a52265bda7fd25e06e3a67dee3f0354e73243c#beam.packages.erlangR26.elixir_1_15",
      "source": "nixpkg"
    },
    "beam.packages.erlangR26.erlang": {
      "resolved": "github:NixOS/nixpkgs/75a52265bda7fd25e06e3a67dee3f0354e73243c#beam.packages.erlangR26.erlang",
      "source": "nixpkg"
    }
  }
}
